
Microsoft Visual Studio Solution File, Format Version 12.00
# Visual Studio 15
VisualStudioVersion = 15.0.26430.12
MinimumVisualStudioVersion = 10.0.40219.1
Project("{FAE04EC0-301F-11D3-BF4B-00C04F79EFBC}") = "CodeDuo.ManagementWebApp", "CodeDuo.ManagementWebApp\CodeDuo.ManagementWebApp.csproj", "{DD014F75-972A-4B6F-A0C4-13A114E0E495}"
EndProject
Project("{FAE04EC0-301F-11D3-BF4B-00C04F79EFBC}") = "CodeDuo.MobileApi", "CodeDuo.MobileApi\CodeDuo.MobileApi.csproj", "{42606F5C-2F1F-4C78-802F-435EC0F81F95}"
EndProject
Global
	GlobalSection(SolutionConfigurationPlatforms) = preSolution
		Debug|Any CPU = Debug|Any CPU
		Release|Any CPU = Release|Any CPU
	EndGlobalSection
	GlobalSection(ProjectConfigurationPlatforms) = postSolution
		{DD014F75-972A-4B6F-A0C4-13A114E0E495}.Debug|Any CPU.ActiveCfg = Debug|Any CPU
		{DD014F75-972A-4B6F-A0C4-13A114E0E495}.Debug|Any CPU.Build.0 = Debug|Any CPU
		{DD014F75-972A-4B6F-A0C4-13A114E0E495}.Release|Any CPU.ActiveCfg = Release|Any CPU
		{DD014F75-972A-4B6F-A0C4-13A114E0E495}.Release|Any CPU.Build.0 = Release|Any CPU
		{42606F5C-2F1F-4C78-802F-435EC0F81F95}.Debug|Any CPU.ActiveCfg = Debug|Any CPU
		{42606F5C-2F1F-4C78-802F-435EC0F81F95}.Debug|Any CPU.Build.0 = Debug|Any CPU
		{42606F5C-2F1F-4C78-802F-435EC0F81F95}.Release|Any CPU.ActiveCfg = Release|Any CPU
		{42606F5C-2F1F-4C78-802F-435EC0F81F95}.Release|Any CPU.Build.0 = Release|Any CPU
	EndGlobalSection
	GlobalSection(SolutionProperties) = preSolution
		HideSolutionNode = FALSE
	EndGlobalSection
EndGlobal
